// !$*UTF8*$!
{
	archiveVersion = 1;
	classes = {
	};
	objectVersion = 46;
	objects = {

/* Begin PBXBuildFile section */
		08DF19311CDB489500CED6AD /* main.m in Sources */ = {isa = PBXBuildFile; fileRef = 08DF19301CDB489500CED6AD /* main.m */; };
		08DF19341CDB489500CED6AD /* AppDelegate.m in Sources */ = {isa = PBXBuildFile; fileRef = 08DF19331CDB489500CED6AD /* AppDelegate.m */; };
		08DF19371CDB489500CED6AD /* ViewController.m in Sources */ = {isa = PBXBuildFile; fileRef = 08DF19361CDB489500CED6AD /* ViewController.m */; };
		08DF193A1CDB489500CED6AD /* Main.storyboard in Resources */ = {isa = PBXBuildFile; fileRef = 08DF19381CDB489500CED6AD /* Main.storyboard */; };
		08DF193C1CDB489500CED6AD /* Assets.xcassets in Resources */ = {isa = PBXBuildFile; fileRef = 08DF193B1CDB489500CED6AD /* Assets.xcassets */; };
		08DF193F1CDB489500CED6AD /* LaunchScreen.storyboard in Resources */ = {isa = PBXBuildFile; fileRef = 08DF193D1CDB489500CED6AD /* LaunchScreen.storyboard */; };
		08DF194A1CDB489500CED6AD /* XDTests.m in Sources */ = {isa = PBXBuildFile; fileRef = 08DF19491CDB489500CED6AD /* XDTests.m */; };
		08DF19551CDB489500CED6AD /* XDUITests.m in Sources */ = {isa = PBXBuildFile; fileRef = 08DF19541CDB489500CED6AD /* XDUITests.m */; };
		08DF198D1CDB492300CED6AD /* AFHTTPSessionManager.m in Sources */ = {isa = PBXBuildFile; fileRef = 08DF196C1CDB492300CED6AD /* AFHTTPSessionManager.m */; };
		08DF198E1CDB492300CED6AD /* AFNetworkReachabilityManager.m in Sources */ = {isa = PBXBuildFile; fileRef = 08DF196F1CDB492300CED6AD /* AFNetworkReachabilityManager.m */; };
		08DF198F1CDB492300CED6AD /* AFSecurityPolicy.m in Sources */ = {isa = PBXBuildFile; fileRef = 08DF19711CDB492300CED6AD /* AFSecurityPolicy.m */; };
		08DF19901CDB492300CED6AD /* AFURLRequestSerialization.m in Sources */ = {isa = PBXBuildFile; fileRef = 08DF19731CDB492300CED6AD /* AFURLRequestSerialization.m */; };
		08DF19911CDB492300CED6AD /* AFURLResponseSerialization.m in Sources */ = {isa = PBXBuildFile; fileRef = 08DF19751CDB492300CED6AD /* AFURLResponseSerialization.m */; };
		08DF19921CDB492300CED6AD /* AFURLSessionManager.m in Sources */ = {isa = PBXBuildFile; fileRef = 08DF19771CDB492300CED6AD /* AFURLSessionManager.m */; };
		08DF19931CDB492300CED6AD /* AFAutoPurgingImageCache.m in Sources */ = {isa = PBXBuildFile; fileRef = 08DF197A1CDB492300CED6AD /* AFAutoPurgingImageCache.m */; };
		08DF19941CDB492300CED6AD /* AFImageDownloader.m in Sources */ = {isa = PBXBuildFile; fileRef = 08DF197C1CDB492300CED6AD /* AFImageDownloader.m */; };
		08DF19951CDB492300CED6AD /* AFNetworkActivityIndicatorManager.m in Sources */ = {isa = PBXBuildFile; fileRef = 08DF197E1CDB492300CED6AD /* AFNetworkActivityIndicatorManager.m */; };
		08DF19961CDB492300CED6AD /* UIActivityIndicatorView+AFNetworking.m in Sources */ = {isa = PBXBuildFile; fileRef = 08DF19801CDB492300CED6AD /* UIActivityIndicatorView+AFNetworking.m */; };
		08DF19971CDB492300CED6AD /* UIButton+AFNetworking.m in Sources */ = {isa = PBXBuildFile; fileRef = 08DF19821CDB492300CED6AD /* UIButton+AFNetworking.m */; };
		08DF19981CDB492300CED6AD /* UIImageView+AFNetworking.m in Sources */ = {isa = PBXBuildFile; fileRef = 08DF19851CDB492300CED6AD /* UIImageView+AFNetworking.m */; };
		08DF19991CDB492300CED6AD /* UIProgressView+AFNetworking.m in Sources */ = {isa = PBXBuildFile; fileRef = 08DF19881CDB492300CED6AD /* UIProgressView+AFNetworking.m */; };
		08DF199A1CDB492300CED6AD /* UIRefreshControl+AFNetworking.m in Sources */ = {isa = PBXBuildFile; fileRef = 08DF198A1CDB492300CED6AD /* UIRefreshControl+AFNetworking.m */; };
		08DF199B1CDB492300CED6AD /* UIWebView+AFNetworking.m in Sources */ = {isa = PBXBuildFile; fileRef = 08DF198C1CDB492300CED6AD /* UIWebView+AFNetworking.m */; };
/* End PBXBuildFile section */

/* Begin PBXContainerItemProxy section */
		08DF19461CDB489500CED6AD /* PBXContainerItemProxy */ = {
			isa = PBXContainerItemProxy;
			containerPortal = 08DF19241CDB489400CED6AD /* Project object */;
			proxyType = 1;
			remoteGlobalIDString = 08DF192B1CDB489500CED6AD;
			remoteInfo = XD;
		};
		08DF19511CDB489500CED6AD /* PBXContainerItemProxy */ = {
			isa = PBXContainerItemProxy;
			containerPortal = 08DF19241CDB489400CED6AD /* Project object */;
			proxyType = 1;
			remoteGlobalIDString = 08DF192B1CDB489500CED6AD;
			remoteInfo = XD;
		};
/* End PBXContainerItemProxy section */

/* Begin PBXFileReference section */
		08DF192C1CDB489500CED6AD /* XD.app */ = {isa = PBXFileReference; explicitFileType = wrapper.application; includeInIndex = 0; path = XD.app; sourceTree = BUILT_PRODUCTS_DIR; };
		08DF19301CDB489500CED6AD /* main.m */ = {isa = PBXFileReference; lastKnownFileType = sourcecode.c.objc; path = main.m; sourceTree = "<group>"; };
		08DF19321CDB489500CED6AD /* AppDelegate.h */ = {isa = PBXFileReference; lastKnownFileType = sourcecode.c.h; path = AppDelegate.h; sourceTree = "<group>"; };
		08DF19331CDB489500CED6AD /* AppDelegate.m */ = {isa = PBXFileReference; lastKnownFileType = sourcecode.c.objc; path = AppDelegate.m; sourceTree = "<group>"; };
		08DF19351CDB489500CED6AD /* ViewController.h */ = {isa = PBXFileReference; lastKnownFileType = sourcecode.c.h; path = ViewController.h; sourceTree = "<group>"; };
		08DF19361CDB489500CED6AD /* ViewController.m */ = {isa = PBXFileReference; lastKnownFileType = sourcecode.c.objc; path = ViewController.m; sourceTree = "<group>"; };
		08DF19391CDB489500CED6AD /* Base */ = {isa = PBXFileReference; lastKnownFileType = file.storyboard; name = Base; path = Base.lproj/Main.storyboard; sourceTree = "<group>"; };
		08DF193B1CDB489500CED6AD /* Assets.xcassets */ = {isa = PBXFileReference; lastKnownFileType = folder.assetcatalog; path = Assets.xcassets; sourceTree = "<group>"; };
		08DF193E1CDB489500CED6AD /* Base */ = {isa = PBXFileReference; lastKnownFileType = file.storyboard; name = Base; path = Base.lproj/LaunchScreen.storyboard; sourceTree = "<group>"; };
		08DF19401CDB489500CED6AD /* Info.plist */ = {isa = PBXFileReference; lastKnownFileType = text.plist.xml; path = Info.plist; sourceTree = "<group>"; };
		08DF19451CDB489500CED6AD /* XDTests.xctest */ = {isa = PBXFileReference; explicitFileType = wrapper.cfbundle; includeInIndex = 0; path = XDTests.xctest; sourceTree = BUILT_PRODUCTS_DIR; };
		08DF19491CDB489500CED6AD /* XDTests.m */ = {isa = PBXFileReference; lastKnownFileType = sourcecode.c.objc; path = XDTests.m; sourceTree = "<group>"; };
		08DF194B1CDB489500CED6AD /* Info.plist */ = {isa = PBXFileReference; lastKnownFileType = text.plist.xml; path = Info.plist; sourceTree = "<group>"; };
		08DF19501CDB489500CED6AD /* XDUITests.xctest */ = {isa = PBXFileReference; explicitFileType = wrapper.cfbundle; includeInIndex = 0; path = XDUITests.xctest; sourceTree = BUILT_PRODUCTS_DIR; };
		08DF19541CDB489500CED6AD /* XDUITests.m */ = {isa = PBXFileReference; lastKnownFileType = sourcecode.c.objc; path = XDUITests.m; sourceTree = "<group>"; };
		08DF19561CDB489500CED6AD /* Info.plist */ = {isa = PBXFileReference; lastKnownFileType = text.plist.xml; path = Info.plist; sourceTree = "<group>"; };
		08DF196B1CDB492300CED6AD /* AFHTTPSessionManager.h */ = {isa = PBXFileReference; fileEncoding = 4; lastKnownFileType = sourcecode.c.h; path = AFHTTPSessionManager.h; sourceTree = "<group>"; };
		08DF196C1CDB492300CED6AD /* AFHTTPSessionManager.m */ = {isa = PBXFileReference; fileEncoding = 4; lastKnownFileType = sourcecode.c.objc; path = AFHTTPSessionManager.m; sourceTree = "<group>"; };
		08DF196D1CDB492300CED6AD /* AFNetworking.h */ = {isa = PBXFileReference; fileEncoding = 4; lastKnownFileType = sourcecode.c.h; path = AFNetworking.h; sourceTree = "<group>"; };
		08DF196E1CDB492300CED6AD /* AFNetworkReachabilityManager.h */ = {isa = PBXFileReference; fileEncoding = 4; lastKnownFileType = sourcecode.c.h; path = AFNetworkReachabilityManager.h; sourceTree = "<group>"; };
		08DF196F1CDB492300CED6AD /* AFNetworkReachabilityManager.m */ = {isa = PBXFileReference; fileEncoding = 4; lastKnownFileType = sourcecode.c.objc; path = AFNetworkReachabilityManager.m; sourceTree = "<group>"; };
		08DF19701CDB492300CED6AD /* AFSecurityPolicy.h */ = {isa = PBXFileReference; fileEncoding = 4; lastKnownFileType = sourcecode.c.h; path = AFSecurityPolicy.h; sourceTree = "<group>"; };
		08DF19711CDB492300CED6AD /* AFSecurityPolicy.m */ = {isa = PBXFileReference; fileEncoding = 4; lastKnownFileType = sourcecode.c.objc; path = AFSecurityPolicy.m; sourceTree = "<group>"; };
		08DF19721CDB492300CED6AD /* AFURLRequestSerialization.h */ = {isa = PBXFileReference; fileEncoding = 4; lastKnownFileType = sourcecode.c.h; path = AFURLRequestSerialization.h; sourceTree = "<group>"; };
		08DF19731CDB492300CED6AD /* AFURLRequestSerialization.m */ = {isa = PBXFileReference; fileEncoding = 4; lastKnownFileType = sourcecode.c.objc; path = AFURLRequestSerialization.m; sourceTree = "<group>"; };
		08DF19741CDB492300CED6AD /* AFURLResponseSerialization.h */ = {isa = PBXFileReference; fileEncoding = 4; lastKnownFileType = sourcecode.c.h; path = AFURLResponseSerialization.h; sourceTree = "<group>"; };
		08DF19751CDB492300CED6AD /* AFURLResponseSerialization.m */ = {isa = PBXFileReference; fileEncoding = 4; lastKnownFileType = sourcecode.c.objc; path = AFURLResponseSerialization.m; sourceTree = "<group>"; };
		08DF19761CDB492300CED6AD /* AFURLSessionManager.h */ = {isa = PBXFileReference; fileEncoding = 4; lastKnownFileType = sourcecode.c.h; path = AFURLSessionManager.h; sourceTree = "<group>"; };
		08DF19771CDB492300CED6AD /* AFURLSessionManager.m */ = {isa = PBXFileReference; fileEncoding = 4; lastKnownFileType = sourcecode.c.objc; path = AFURLSessionManager.m; sourceTree = "<group>"; };
		08DF19791CDB492300CED6AD /* AFAutoPurgingImageCache.h */ = {isa = PBXFileReference; fileEncoding = 4; lastKnownFileType = sourcecode.c.h; path = AFAutoPurgingImageCache.h; sourceTree = "<group>"; };
		08DF197A1CDB492300CED6AD /* AFAutoPurgingImageCache.m */ = {isa = PBXFileReference; fileEncoding = 4; lastKnownFileType = sourcecode.c.objc; path = AFAutoPurgingImageCache.m; sourceTree = "<group>"; };
		08DF197B1CDB492300CED6AD /* AFImageDownloader.h */ = {isa = PBXFileReference; fileEncoding = 4; lastKnownFileType = sourcecode.c.h; path = AFImageDownloader.h; sourceTree = "<group>"; };
		08DF197C1CDB492300CED6AD /* AFImageDownloader.m */ = {isa = PBXFileReference; fileEncoding = 4; lastKnownFileType = sourcecode.c.objc; path = AFImageDownloader.m; sourceTree = "<group>"; };
		08DF197D1CDB492300CED6AD /* AFNetworkActivityIndicatorManager.h */ = {isa = PBXFileReference; fileEncoding = 4; lastKnownFileType = sourcecode.c.h; path = AFNetworkActivityIndicatorManager.h; sourceTree = "<group>"; };
		08DF197E1CDB492300CED6AD /* AFNetworkActivityIndicatorManager.m */ = {isa = PBXFileReference; fileEncoding = 4; lastKnownFileType = sourcecode.c.objc; path = AFNetworkActivityIndicatorManager.m; sourceTree = "<group>"; };
		08DF197F1CDB492300CED6AD /* UIActivityIndicatorView+AFNetworking.h */ = {isa = PBXFileReference; fileEncoding = 4; lastKnownFileType = sourcecode.c.h; path = "UIActivityIndicatorView+AFNetworking.h"; sourceTree = "<group>"; };
		08DF19801CDB492300CED6AD /* UIActivityIndicatorView+AFNetworking.m */ = {isa = PBXFileReference; fileEncoding = 4; lastKnownFileType = sourcecode.c.objc; path = "UIActivityIndicatorView+AFNetworking.m"; sourceTree = "<group>"; };
		08DF19811CDB492300CED6AD /* UIButton+AFNetworking.h */ = {isa = PBXFileReference; fileEncoding = 4; lastKnownFileType = sourcecode.c.h; path = "UIButton+AFNetworking.h"; sourceTree = "<group>"; };
		08DF19821CDB492300CED6AD /* UIButton+AFNetworking.m */ = {isa = PBXFileReference; fileEncoding = 4; lastKnownFileType = sourcecode.c.objc; path = "UIButton+AFNetworking.m"; sourceTree = "<group>"; };
		08DF19831CDB492300CED6AD /* UIImage+AFNetworking.h */ = {isa = PBXFileReference; fileEncoding = 4; lastKnownFileType = sourcecode.c.h; path = "UIImage+AFNetworking.h"; sourceTree = "<group>"; };
		08DF19841CDB492300CED6AD /* UIImageView+AFNetworking.h */ = {isa = PBXFileReference; fileEncoding = 4; lastKnownFileType = sourcecode.c.h; path = "UIImageView+AFNetworking.h"; sourceTree = "<group>"; };
		08DF19851CDB492300CED6AD /* UIImageView+AFNetworking.m */ = {isa = PBXFileReference; fileEncoding = 4; lastKnownFileType = sourcecode.c.objc; path = "UIImageView+AFNetworking.m"; sourceTree = "<group>"; };
		08DF19861CDB492300CED6AD /* UIKit+AFNetworking.h */ = {isa = PBXFileReference; fileEncoding = 4; lastKnownFileType = sourcecode.c.h; path = "UIKit+AFNetworking.h"; sourceTree = "<group>"; };
		08DF19871CDB492300CED6AD /* UIProgressView+AFNetworking.h */ = {isa = PBXFileReference; fileEncoding = 4; lastKnownFileType = sourcecode.c.h; path = "UIProgressView+AFNetworking.h"; sourceTree = "<group>"; };
		08DF19881CDB492300CED6AD /* UIProgressView+AFNetworking.m */ = {isa = PBXFileReference; fileEncoding = 4; lastKnownFileType = sourcecode.c.objc; path = "UIProgressView+AFNetworking.m"; sourceTree = "<group>"; };
		08DF19891CDB492300CED6AD /* UIRefreshControl+AFNetworking.h */ = {isa = PBXFileReference; fileEncoding = 4; lastKnownFileType = sourcecode.c.h; path = "UIRefreshControl+AFNetworking.h"; sourceTree = "<group>"; };
		08DF198A1CDB492300CED6AD /* UIRefreshControl+AFNetworking.m */ = {isa = PBXFileReference; fileEncoding = 4; lastKnownFileType = sourcecode.c.objc; path = "UIRefreshControl+AFNetworking.m"; sourceTree = "<group>"; };
		08DF198B1CDB492300CED6AD /* UIWebView+AFNetworking.h */ = {isa = PBXFileReference; fileEncoding = 4; lastKnownFileType = sourcecode.c.h; path = "UIWebView+AFNetworking.h"; sourceTree = "<group>"; };
		08DF198C1CDB492300CED6AD /* UIWebView+AFNetworking.m */ = {isa = PBXFileReference; fileEncoding = 4; lastKnownFileType = sourcecode.c.objc; path = "UIWebView+AFNetworking.m"; sourceTree = "<group>"; };
/* End PBXFileReference section */

/* Begin PBXFrameworksBuildPhase section */
		08DF19291CDB489500CED6AD /* Frameworks */ = {
			isa = PBXFrameworksBuildPhase;
			buildActionMask = 2147483647;
			files = (
			);
			runOnlyForDeploymentPostprocessing = 0;
		};
		08DF19421CDB489500CED6AD /* Frameworks */ = {
			isa = PBXFrameworksBuildPhase;
			buildActionMask = 2147483647;
			files = (
			);
			runOnlyForDeploymentPostprocessing = 0;
		};
		08DF194D1CDB489500CED6AD /* Frameworks */ = {
			isa = PBXFrameworksBuildPhase;
			buildActionMask = 2147483647;
			files = (
			);
			runOnlyForDeploymentPostprocessing = 0;
		};
/* End PBXFrameworksBuildPhase section */

/* Begin PBXGroup section */
		08DF19231CDB489400CED6AD = {
			isa = PBXGroup;
			children = (
				08DF192E1CDB489500CED6AD /* XD */,
				08DF19481CDB489500CED6AD /* XDTests */,
				08DF19531CDB489500CED6AD /* XDUITests */,
				08DF192D1CDB489500CED6AD /* Products */,
			);
			sourceTree = "<group>";
		};
		08DF192D1CDB489500CED6AD /* Products */ = {
			isa = PBXGroup;
			children = (
				08DF192C1CDB489500CED6AD /* XD.app */,
				08DF19451CDB489500CED6AD /* XDTests.xctest */,
				08DF19501CDB489500CED6AD /* XDUITests.xctest */,
			);
			name = Products;
			sourceTree = "<group>";
		};
		08DF192E1CDB489500CED6AD /* XD */ = {
			isa = PBXGroup;
			children = (
				08DF196A1CDB492300CED6AD /* AFNetworking */,
				08DF19781CDB492300CED6AD /* UIKit+AFNetworking */,
				08DF19321CDB489500CED6AD /* AppDelegate.h */,
				08DF19331CDB489500CED6AD /* AppDelegate.m */,
				08DF19351CDB489500CED6AD /* ViewController.h */,
				08DF19361CDB489500CED6AD /* ViewController.m */,
				08DF19381CDB489500CED6AD /* Main.storyboard */,
				08DF193B1CDB489500CED6AD /* Assets.xcassets */,
				08DF193D1CDB489500CED6AD /* LaunchScreen.storyboard */,
				08DF19401CDB489500CED6AD /* Info.plist */,
				08DF192F1CDB489500CED6AD /* Supporting Files */,
			);
			path = XD;
			sourceTree = "<group>";
		};
		08DF192F1CDB489500CED6AD /* Supporting Files */ = {
			isa = PBXGroup;
			children = (
				08DF19301CDB489500CED6AD /* main.m */,
			);
			name = "Supporting Files";
			sourceTree = "<group>";
		};
		08DF19481CDB489500CED6AD /* XDTests */ = {
			isa = PBXGroup;
			children = (
				08DF19491CDB489500CED6AD /* XDTests.m */,
				08DF194B1CDB489500CED6AD /* Info.plist */,
			);
			path = XDTests;
			sourceTree = "<group>";
		};
		08DF19531CDB489500CED6AD /* XDUITests */ = {
			isa = PBXGroup;
			children = (
				08DF19541CDB489500CED6AD /* XDUITests.m */,
				08DF19561CDB489500CED6AD /* Info.plist */,
			);
			path = XDUITests;
			sourceTree = "<group>";
		};
		08DF196A1CDB492300CED6AD /* AFNetworking */ = {
			isa = PBXGroup;
			children = (
				08DF196B1CDB492300CED6AD /* AFHTTPSessionManager.h */,
				08DF196C1CDB492300CED6AD /* AFHTTPSessionManager.m */,
				08DF196D1CDB492300CED6AD /* AFNetworking.h */,
				08DF196E1CDB492300CED6AD /* AFNetworkReachabilityManager.h */,
				08DF196F1CDB492300CED6AD /* AFNetworkReachabilityManager.m */,
				08DF19701CDB492300CED6AD /* AFSecurityPolicy.h */,
				08DF19711CDB492300CED6AD /* AFSecurityPolicy.m */,
				08DF19721CDB492300CED6AD /* AFURLRequestSerialization.h */,
				08DF19731CDB492300CED6AD /* AFURLRequestSerialization.m */,
				08DF19741CDB492300CED6AD /* AFURLResponseSerialization.h */,
				08DF19751CDB492300CED6AD /* AFURLResponseSerialization.m */,
				08DF19761CDB492300CED6AD /* AFURLSessionManager.h */,
				08DF19771CDB492300CED6AD /* AFURLSessionManager.m */,
			);
			path = AFNetworking;
			sourceTree = "<group>";
		};
		08DF19781CDB492300CED6AD /* UIKit+AFNetworking */ = {
			isa = PBXGroup;
			children = (
				08DF19791CDB492300CED6AD /* AFAutoPurgingImageCache.h */,
				08DF197A1CDB492300CED6AD /* AFAutoPurgingImageCache.m */,
				08DF197B1CDB492300CED6AD /* AFImageDownloader.h */,
				08DF197C1CDB492300CED6AD /* AFImageDownloader.m */,
				08DF197D1CDB492300CED6AD /* AFNetworkActivityIndicatorManager.h */,
				08DF197E1CDB492300CED6AD /* AFNetworkActivityIndicatorManager.m */,
				08DF197F1CDB492300CED6AD /* UIActivityIndicatorView+AFNetworking.h */,
				08DF19801CDB492300CED6AD /* UIActivityIndicatorView+AFNetworking.m */,
				08DF19811CDB492300CED6AD /* UIButton+AFNetworking.h */,
				08DF19821CDB492300CED6AD /* UIButton+AFNetworking.m */,
				08DF19831CDB492300CED6AD /* UIImage+AFNetworking.h */,
				08DF19841CDB492300CED6AD /* UIImageView+AFNetworking.h */,
				08DF19851CDB492300CED6AD /* UIImageView+AFNetworking.m */,
				08DF19861CDB492300CED6AD /* UIKit+AFNetworking.h */,
				08DF19871CDB492300CED6AD /* UIProgressView+AFNetworking.h */,
				08DF19881CDB492300CED6AD /* UIProgressView+AFNetworking.m */,
				08DF19891CDB492300CED6AD /* UIRefreshControl+AFNetworking.h */,
				08DF198A1CDB492300CED6AD /* UIRefreshControl+AFNetworking.m */,
				08DF198B1CDB492300CED6AD /* UIWebView+AFNetworking.h */,
				08DF198C1CDB492300CED6AD /* UIWebView+AFNetworking.m */,
			);
			path = "UIKit+AFNetworking";
			sourceTree = "<group>";
		};
/* End PBXGroup section */

/* Begin PBXNativeTarget section */
		08DF192B1CDB489500CED6AD /* XD */ = {
			isa = PBXNativeTarget;
			buildConfigurationList = 08DF19591CDB489500CED6AD /* Build configuration list for PBXNativeTarget "XD" */;
			buildPhases = (
				08DF19281CDB489500CED6AD /* Sources */,
				08DF19291CDB489500CED6AD /* Frameworks */,
				08DF192A1CDB489500CED6AD /* Resources */,
			);
			buildRules = (
			);
			dependencies = (
			);
			name = XD;
			productName = XD;
			productReference = 08DF192C1CDB489500CED6AD /* XD.app */;
			productType = "com.apple.product-type.application";
		};
		08DF19441CDB489500CED6AD /* XDTests */ = {
			isa = PBXNativeTarget;
			buildConfigurationList = 08DF195C1CDB489500CED6AD /* Build configuration list for PBXNativeTarget "XDTests" */;
			buildPhases = (
				08DF19411CDB489500CED6AD /* Sources */,
				08DF19421CDB489500CED6AD /* Frameworks */,
				08DF19431CDB489500CED6AD /* Resources */,
			);
			buildRules = (
			);
			dependencies = (
				08DF19471CDB489500CED6AD /* PBXTargetDependency */,
			);
			name = XDTests;
			productName = XDTests;
			productReference = 08DF19451CDB489500CED6AD /* XDTests.xctest */;
			productType = "com.apple.product-type.bundle.unit-test";
		};
		08DF194F1CDB489500CED6AD /* XDUITests */ = {
			isa = PBXNativeTarget;
			buildConfigurationList = 08DF195F1CDB489500CED6AD /* Build configuration list for PBXNativeTarget "XDUITests" */;
			buildPhases = (
				08DF194C1CDB489500CED6AD /* Sources */,
				08DF194D1CDB489500CED6AD /* Frameworks */,
				08DF194E1CDB489500CED6AD /* Resources */,
			);
			buildRules = (
			);
			dependencies = (
				08DF19521CDB489500CED6AD /* PBXTargetDependency */,
			);
			name = XDUITests;
			productName = XDUITests;
			productReference = 08DF19501CDB489500CED6AD /* XDUITests.xctest */;
			productType = "com.apple.product-type.bundle.ui-testing";
		};
/* End PBXNativeTarget section */

/* Begin PBXProject section */
		08DF19241CDB489400CED6AD /* Project object */ = {
			isa = PBXProject;
			attributes = {
				LastUpgradeCheck = 0730;
				ORGANIZATIONNAME = "饶旭东";
				TargetAttributes = {
					08DF192B1CDB489500CED6AD = {
						CreatedOnToolsVersion = 7.3;
					};
					08DF19441CDB489500CED6AD = {
						CreatedOnToolsVersion = 7.3;
						TestTargetID = 08DF192B1CDB489500CED6AD;
					};
					08DF194F1CDB489500CED6AD = {
						CreatedOnToolsVersion = 7.3;
						TestTargetID = 08DF192B1CDB489500CED6AD;
					};
				};
			};
			buildConfigurationList = 08DF19271CDB489400CED6AD /* Build configuration list for PBXProject "XD" */;
			compatibilityVersion = "Xcode 3.2";
			developmentRegion = English;
			hasScannedForEncodings = 0;
			knownRegions = (
				en,
				Base,
			);
			mainGroup = 08DF19231CDB489400CED6AD;
			productRefGroup = 08DF192D1CDB489500CED6AD /* Products */;
			projectDirPath = "";
			projectRoot = "";
			targets = (
				08DF192B1CDB489500CED6AD /* XD */,
				08DF19441CDB489500CED6AD /* XDTests */,
				08DF194F1CDB489500CED6AD /* XDUITests */,
			);
		};
/* End PBXProject section */

/* Begin PBXResourcesBuildPhase section */
		08DF192A1CDB489500CED6AD /* Resources */ = {
			isa = PBXResourcesBuildPhase;
			buildActionMask = 2147483647;
			files = (
				08DF193F1CDB489500CED6AD /* LaunchScreen.storyboard in Resources */,
				08DF193C1CDB489500CED6AD /* Assets.xcassets in Resources */,
				08DF193A1CDB489500CED6AD /* Main.storyboard in Resources */,
			);
			runOnlyForDeploymentPostprocessing = 0;
		};
		08DF19431CDB489500CED6AD /* Resources */ = {
			isa = PBXResourcesBuildPhase;
			buildActionMask = 2147483647;
			files = (
			);
			runOnlyForDeploymentPostprocessing = 0;
		};
		08DF194E1CDB489500CED6AD /* Resources */ = {
			isa = PBXResourcesBuildPhase;
			buildActionMask = 2147483647;
			files = (
			);
			runOnlyForDeploymentPostprocessing = 0;
		};
/* End PBXResourcesBuildPhase section */

/* Begin PBXSourcesBuildPhase section */
		08DF19281CDB489500CED6AD /* Sources */ = {
			isa = PBXSourcesBuildPhase;
			buildActionMask = 2147483647;
			files = (
				08DF19991CDB492300CED6AD /* UIProgressView+AFNetworking.m in Sources */,
				08DF19921CDB492300CED6AD /* AFURLSessionManager.m in Sources */,
				08DF199B1CDB492300CED6AD /* UIWebView+AFNetworking.m in Sources */,
				08DF19981CDB492300CED6AD /* UIImageView+AFNetworking.m in Sources */,
				08DF19371CDB489500CED6AD /* ViewController.m in Sources */,
				08DF19971CDB492300CED6AD /* UIButton+AFNetworking.m in Sources */,
				08DF19341CDB489500CED6AD /* AppDelegate.m in Sources */,
				08DF198E1CDB492300CED6AD /* AFNetworkReachabilityManager.m in Sources */,
				08DF199A1CDB492300CED6AD /* UIRefreshControl+AFNetworking.m in Sources */,
				08DF19311CDB489500CED6AD /* main.m in Sources */,
				08DF19931CDB492300CED6AD /* AFAutoPurgingImageCache.m in Sources */,
				08DF198F1CDB492300CED6AD /* AFSecurityPolicy.m in Sources */,
				08DF19901CDB492300CED6AD /* AFURLRequestSerialization.m in Sources */,
				08DF19951CDB492300CED6AD /* AFNetworkActivityIndicatorManager.m in Sources */,
				08DF19911CDB492300CED6AD /* AFURLResponseSerialization.m in Sources */,
				08DF198D1CDB492300CED6AD /* AFHTTPSessionManager.m in Sources */,
				08DF19941CDB492300CED6AD /* AFImageDownloader.m in Sources */,
				08DF19961CDB492300CED6AD /* UIActivityIndicatorView+AFNetworking.m in Sources */,
			);
			runOnlyForDeploymentPostprocessing = 0;
		};
		08DF19411CDB489500CED6AD /* Sources */ = {
			isa = PBXSourcesBuildPhase;
			buildActionMask = 2147483647;
			files = (
				08DF194A1CDB489500CED6AD /* XDTests.m in Sources */,
			);
			runOnlyForDeploymentPostprocessing = 0;
		};
		08DF194C1CDB489500CED6AD /* Sources */ = {
			isa = PBXSourcesBuildPhase;
			buildActionMask = 2147483647;
			files = (
				08DF19551CDB489500CED6AD /* XDUITests.m in Sources */,
			);
			runOnlyForDeploymentPostprocessing = 0;
		};
/* End PBXSourcesBuildPhase section */

/* Begin PBXTargetDependency section */
		08DF19471CDB489500CED6AD /* PBXTargetDependency */ = {
			isa = PBXTargetDependency;
			target = 08DF192B1CDB489500CED6AD /* XD */;
			targetProxy = 08DF19461CDB489500CED6AD /* PBXContainerItemProxy */;
		};
		08DF19521CDB489500CED6AD /* PBXTargetDependency */ = {
			isa = PBXTargetDependency;
			target = 08DF192B1CDB489500CED6AD /* XD */;
			targetProxy = 08DF19511CDB489500CED6AD /* PBXContainerItemProxy */;
		};
/* End PBXTargetDependency section */

/* Begin PBXVariantGroup section */
		08DF19381CDB489500CED6AD /* Main.storyboard */ = {
			isa = PBXVariantGroup;
			children = (
				08DF19391CDB489500CED6AD /* Base */,
			);
			name = Main.storyboard;
			sourceTree = "<group>";
		};
		08DF193D1CDB489500CED6AD /* LaunchScreen.storyboard */ = {
			isa = PBXVariantGroup;
			children = (
				08DF193E1CDB489500CED6AD /* Base */,
			);
			name = LaunchScreen.storyboard;
			sourceTree = "<group>";
		};
/* End PBXVariantGroup section */

/* Begin XCBuildConfiguration section */
		08DF19571CDB489500CED6AD /* Debug */ = {
			isa = XCBuildConfiguration;
			buildSettings = {
				ALWAYS_SEARCH_USER_PATHS = NO;
				CLANG_ANALYZER_NONNULL = YES;
				CLANG_CXX_LANGUAGE_STANDARD = "gnu++0x";
				CLANG_CXX_LIBRARY = "libc++";
				CLANG_ENABLE_MODULES = YES;
				CLANG_ENABLE_OBJC_ARC = YES;
				CLANG_WARN_BOOL_CONVERSION = YES;
				CLANG_WARN_CONSTANT_CONVERSION = YES;
				CLANG_WARN_DIRECT_OBJC_ISA_USAGE = YES_ERROR;
				CLANG_WARN_EMPTY_BODY = YES;
				CLANG_WARN_ENUM_CONVERSION = YES;
				CLANG_WARN_INT_CONVERSION = YES;
				CLANG_WARN_OBJC_ROOT_CLASS = YES_ERROR;
				CLANG_WARN_UNREACHABLE_CODE = YES;
				CLANG_WARN__DUPLICATE_METHOD_MATCH = YES;
				"CODE_SIGN_IDENTITY[sdk=iphoneos*]" = "iPhone Developer";
				COPY_PHASE_STRIP = NO;
				DEBUG_INFORMATION_FORMAT = dwarf;
				ENABLE_STRICT_OBJC_MSGSEND = YES;
				ENABLE_TESTABILITY = YES;
				GCC_C_LANGUAGE_STANDARD = gnu99;
				GCC_DYNAMIC_NO_PIC = NO;
				GCC_NO_COMMON_BLOCKS = YES;
				GCC_OPTIMIZATION_LEVEL = 0;
				GCC_PREPROCESSOR_DEFINITIONS = (
					"DEBUG=1",
					"$(inherited)",
				);
				GCC_WARN_64_TO_32_BIT_CONVERSION = YES;
				GCC_WARN_ABOUT_RETURN_TYPE = YES_ERROR;
				GCC_WARN_UNDECLARED_SELECTOR = YES;
				GCC_WARN_UNINITIALIZED_AUTOS = YES_AGGRESSIVE;
				GCC_WARN_UNUSED_FUNCTION = YES;
				GCC_WARN_UNUSED_VARIABLE = YES;
				IPHONEOS_DEPLOYMENT_TARGET = 9.3;
				MTL_ENABLE_DEBUG_INFO = YES;
				ONLY_ACTIVE_ARCH = YES;
				SDKROOT = iphoneos;
			};
			name = Debug;
		};
		08DF19581CDB489500CED6AD /* Release */ = {
			isa = XCBuildConfiguration;
			buildSettings = {
				ALWAYS_SEARCH_USER_PATHS = NO;
				CLANG_ANALYZER_NONNULL = YES;
				CLANG_CXX_LANGUAGE_STANDARD = "gnu++0x";
				CLANG_CXX_LIBRARY = "libc++";
				CLANG_ENABLE_MODULES = YES;
				CLANG_ENABLE_OBJC_ARC = YES;
				CLANG_WARN_BOOL_CONVERSION = YES;
				CLANG_WARN_CONSTANT_CONVERSION = YES;
				CLANG_WARN_DIRECT_OBJC_ISA_USAGE = YES_ERROR;
				CLANG_WARN_EMPTY_BODY = YES;
				CLANG_WARN_ENUM_CONVERSION = YES;
				CLANG_WARN_INT_CONVERSION = YES;
				CLANG_WARN_OBJC_ROOT_CLASS = YES_ERROR;
				CLANG_WARN_UNREACHABLE_CODE = YES;
				CLANG_WARN__DUPLICATE_METHOD_MATCH = YES;
				"CODE_SIGN_IDENTITY[sdk=iphoneos*]" = "iPhone Developer";
				COPY_PHASE_STRIP = NO;
				DEBUG_INFORMATION_FORMAT = "dwarf-with-dsym";
				ENABLE_NS_ASSERTIONS = NO;
				ENABLE_STRICT_OBJC_MSGSEND = YES;
				GCC_C_LANGUAGE_STANDARD = gnu99;
				GCC_NO_COMMON_BLOCKS = YES;
				GCC_WARN_64_TO_32_BIT_CONVERSION = YES;
				GCC_WARN_ABOUT_RETURN_TYPE = YES_ERROR;
				GCC_WARN_UNDECLARED_SELECTOR = YES;
				GCC_WARN_UNINITIALIZED_AUTOS = YES_AGGRESSIVE;
				GCC_WARN_UNUSED_FUNCTION = YES;
				GCC_WARN_UNUSED_VARIABLE = YES;
				IPHONEOS_DEPLOYMENT_TARGET = 9.3;
				MTL_ENABLE_DEBUG_INFO = NO;
				SDKROOT = iphoneos;
				VALIDATE_PRODUCT = YES;
			};
			name = Release;
		};
		08DF195A1CDB489500CED6AD /* Debug */ = {
			isa = XCBuildConfiguration;
			buildSettings = {
				ASSETCATALOG_COMPILER_APPICON_NAME = AppIcon;
				INFOPLIST_FILE = XD/Info.plist;
				LD_RUNPATH_SEARCH_PATHS = "$(inherited) @executable_path/Frameworks";
				PRODUCT_BUNDLE_IDENTIFIER = xudong.rao.com.XD;
				PRODUCT_NAME = "$(TARGET_NAME)";
			};
			name = Debug;
		};
		08DF195B1CDB489500CED6AD /* Release */ = {
			isa = XCBuildConfiguration;
			buildSettings = {
				ASSETCATALOG_COMPILER_APPICON_NAME = AppIcon;
				INFOPLIST_FILE = XD/Info.plist;
				LD_RUNPATH_SEARCH_PATHS = "$(inherited) @executable_path/Frameworks";
				PRODUCT_BUNDLE_IDENTIFIER = xudong.rao.com.XD;
				PRODUCT_NAME = "$(TARGET_NAME)";
			};
			name = Release;
		};
		08DF195D1CDB489500CED6AD /* Debug */ = {
			isa = XCBuildConfiguration;
			buildSettings = {
				BUNDLE_LOADER = "$(TEST_HOST)";
				INFOPLIST_FILE = XDTests/Info.plist;
				LD_RUNPATH_SEARCH_PATHS = "$(inherited) @executable_path/Frameworks @loader_path/Frameworks";
				PRODUCT_BUNDLE_IDENTIFIER = xudong.rao.com.XDTests;
				PRODUCT_NAME = "$(TARGET_NAME)";
				TEST_HOST = "$(BUILT_PRODUCTS_DIR)/XD.app/XD";
			};
			name = Debug;
		};
		08DF195E1CDB489500CED6AD /* Release */ = {
			isa = XCBuildConfiguration;
			buildSettings = {
				BUNDLE_LOADER = "$(TEST_HOST)";
				INFOPLIST_FILE = XDTests/Info.plist;
				LD_RUNPATH_SEARCH_PATHS = "$(inherited) @executable_path/Frameworks @loader_path/Frameworks";
				PRODUCT_BUNDLE_IDENTIFIER = xudong.rao.com.XDTests;
				PRODUCT_NAME = "$(TARGET_NAME)";
				TEST_HOST = "$(BUILT_PRODUCTS_DIR)/XD.app/XD";
			};
			name = Release;
		};
		08DF19601CDB489500CED6AD /* Debug */ = {
			isa = XCBuildConfiguration;
			buildSettings = {
				INFOPLIST_FILE = XDUITests/Info.plist;
				LD_RUNPATH_SEARCH_PATHS = "$(inherited) @executable_path/Frameworks @loader_path/Frameworks";
				PRODUCT_BUNDLE_IDENTIFIER = xudong.rao.com.XDUITests;
				PRODUCT_NAME = "$(TARGET_NAME)";
				TEST_TARGET_NAME = XD;
			};
			name = Debug;
		};
		08DF19611CDB489500CED6AD /* Release */ = {
			isa = XCBuildConfiguration;
			buildSettings = {
				INFOPLIST_FILE = XDUITests/Info.plist;
				LD_RUNPATH_SEARCH_PATHS = "$(inherited) @executable_path/Frameworks @loader_path/Frameworks";
				PRODUCT_BUNDLE_IDENTIFIER = xudong.rao.com.XDUITests;
				PRODUCT_NAME = "$(TARGET_NAME)";
				TEST_TARGET_NAME = XD;
			};
			name = Release;
		};
/* End XCBuildConfiguration section */

/* Begin XCConfigurationList section */
		08DF19271CDB489400CED6AD /* Build configuration list for PBXProject "XD" */ = {
			isa = XCConfigurationList;
			buildConfigurations = (
				08DF19571CDB489500CED6AD /* Debug */,
				08DF19581CDB489500CED6AD /* Release */,
			);
			defaultConfigurationIsVisible = 0;
			defaultConfigurationName = Release;
		};
		08DF19591CDB489500CED6AD /* Build configuration list for PBXNativeTarget "XD" */ = {
			isa = XCConfigurationList;
			buildConfigurations = (
				08DF195A1CDB489500CED6AD /* Debug */,
				08DF195B1CDB489500CED6AD /* Release */,
			);
			defaultConfigurationIsVisible = 0;
		};
		08DF195C1CDB489500CED6AD /* Build configuration list for PBXNativeTarget "XDTests" */ = {
			isa = XCConfigurationList;
			buildConfigurations = (
				08DF195D1CDB489500CED6AD /* Debug */,
				08DF195E1CDB489500CED6AD /* Release */,
			);
			defaultConfigurationIsVisible = 0;
		};
		08DF195F1CDB489500CED6AD /* Build configuration list for PBXNativeTarget "XDUITests" */ = {
			isa = XCConfigurationList;
			buildConfigurations = (
				08DF19601CDB489500CED6AD /* Debug */,
				08DF19611CDB489500CED6AD /* Release */,
			);
			defaultConfigurationIsVisible = 0;
		};
/* End XCConfigurationList section */
	};
	rootObject = 08DF19241CDB489400CED6AD /* Project object */;
}
